
Microsoft Visual Studio Solution File, Format Version 12.00
# Visual Studio Version 17
VisualStudioVersion = 17.6.33815.320
MinimumVisualStudioVersion = 10.0.40219.1
Project("{8BC9CEB8-8B4A-11D0-8D11-00A0C91BC942}") = "将字符串中的空格替换为%20", "将字符串中的空格替换为%20.vcxproj", "{B6600060-AF3F-41C0-852E-5E4C7F6192FE}"
EndProject
Global
	GlobalSection(SolutionConfigurationPlatforms) = preSolution
		Debug|x64 = Debug|x64
		Debug|x86 = Debug|x86
		Release|x64 = Release|x64
		Release|x86 = Release|x86
	EndGlobalSection
	GlobalSection(ProjectConfigurationPlatforms) = postSolution
		{B6600060-AF3F-41C0-852E-5E4C7F6192FE}.Debug|x64.ActiveCfg = Debug|x64
		{B6600060-AF3F-41C0-852E-5E4C7F6192FE}.Debug|x64.Build.0 = Debug|x64
		{B6600060-AF3F-41C0-852E-5E4C7F6192FE}.Debug|x86.ActiveCfg = Debug|Win32
		{B6600060-AF3F-41C0-852E-5E4C7F6192FE}.Debug|x86.Build.0 = Debug|Win32
		{B6600060-AF3F-41C0-852E-5E4C7F6192FE}.Release|x64.ActiveCfg = Release|x64
		{B6600060-AF3F-41C0-852E-5E4C7F6192FE}.Release|x64.Build.0 = Release|x64
		{B6600060-AF3F-41C0-852E-5E4C7F6192FE}.Release|x86.ActiveCfg = Release|Win32
		{B6600060-AF3F-41C0-852E-5E4C7F6192FE}.Release|x86.Build.0 = Release|Win32
	EndGlobalSection
	GlobalSection(SolutionProperties) = preSolution
		HideSolutionNode = FALSE
	EndGlobalSection
	GlobalSection(ExtensibilityGlobals) = postSolution
		SolutionGuid = {9007C719-A25F-493A-A936-DF8A496B72E9}
	EndGlobalSection
EndGlobal
