
Microsoft Visual Studio Solution File, Format Version 12.00
# Visual Studio Version 17
VisualStudioVersion = 17.6.33815.320
MinimumVisualStudioVersion = 10.0.40219.1
Project("{8BC9CEB8-8B4A-11D0-8D11-00A0C91BC942}") = "函数指针", "函数指针.vcxproj", "{C3BDB246-D58B-4228-80D3-C51DF6DA181E}"
EndProject
Global
	GlobalSection(SolutionConfigurationPlatforms) = preSolution
		Debug|x64 = Debug|x64
		Debug|x86 = Debug|x86
		Release|x64 = Release|x64
		Release|x86 = Release|x86
	EndGlobalSection
	GlobalSection(ProjectConfigurationPlatforms) = postSolution
		{C3BDB246-D58B-4228-80D3-C51DF6DA181E}.Debug|x64.ActiveCfg = Debug|x64
		{C3BDB246-D58B-4228-80D3-C51DF6DA181E}.Debug|x64.Build.0 = Debug|x64
		{C3BDB246-D58B-4228-80D3-C51DF6DA181E}.Debug|x86.ActiveCfg = Debug|Win32
		{C3BDB246-D58B-4228-80D3-C51DF6DA181E}.Debug|x86.Build.0 = Debug|Win32
		{C3BDB246-D58B-4228-80D3-C51DF6DA181E}.Release|x64.ActiveCfg = Release|x64
		{C3BDB246-D58B-4228-80D3-C51DF6DA181E}.Release|x64.Build.0 = Release|x64
		{C3BDB246-D58B-4228-80D3-C51DF6DA181E}.Release|x86.ActiveCfg = Release|Win32
		{C3BDB246-D58B-4228-80D3-C51DF6DA181E}.Release|x86.Build.0 = Release|Win32
	EndGlobalSection
	GlobalSection(SolutionProperties) = preSolution
		HideSolutionNode = FALSE
	EndGlobalSection
	GlobalSection(ExtensibilityGlobals) = postSolution
		SolutionGuid = {CC6F789D-BD9F-4738-8C21-446590EDDB03}
	EndGlobalSection
EndGlobal
