
Microsoft Visual Studio Solution File, Format Version 12.00
# Visual Studio Version 17
VisualStudioVersion = 17.6.33815.320
MinimumVisualStudioVersion = 10.0.40219.1
Project("{8BC9CEB8-8B4A-11D0-8D11-00A0C91BC942}") = "strlen函数的实现", "strlen函数的实现.vcxproj", "{B8DEB248-BEED-4F09-A97F-AC3010AD2135}"
EndProject
Global
	GlobalSection(SolutionConfigurationPlatforms) = preSolution
		Debug|x64 = Debug|x64
		Debug|x86 = Debug|x86
		Release|x64 = Release|x64
		Release|x86 = Release|x86
	EndGlobalSection
	GlobalSection(ProjectConfigurationPlatforms) = postSolution
		{B8DEB248-BEED-4F09-A97F-AC3010AD2135}.Debug|x64.ActiveCfg = Debug|x64
		{B8DEB248-BEED-4F09-A97F-AC3010AD2135}.Debug|x64.Build.0 = Debug|x64
		{B8DEB248-BEED-4F09-A97F-AC3010AD2135}.Debug|x86.ActiveCfg = Debug|Win32
		{B8DEB248-BEED-4F09-A97F-AC3010AD2135}.Debug|x86.Build.0 = Debug|Win32
		{B8DEB248-BEED-4F09-A97F-AC3010AD2135}.Release|x64.ActiveCfg = Release|x64
		{B8DEB248-BEED-4F09-A97F-AC3010AD2135}.Release|x64.Build.0 = Release|x64
		{B8DEB248-BEED-4F09-A97F-AC3010AD2135}.Release|x86.ActiveCfg = Release|Win32
		{B8DEB248-BEED-4F09-A97F-AC3010AD2135}.Release|x86.Build.0 = Release|Win32
	EndGlobalSection
	GlobalSection(SolutionProperties) = preSolution
		HideSolutionNode = FALSE
	EndGlobalSection
	GlobalSection(ExtensibilityGlobals) = postSolution
		SolutionGuid = {4742CC60-1D3A-42C8-B910-810C8C0B8D39}
	EndGlobalSection
EndGlobal
