
Microsoft Visual Studio Solution File, Format Version 12.00
# Visual Studio Version 17
VisualStudioVersion = 17.6.33815.320
MinimumVisualStudioVersion = 10.0.40219.1
Project("{8BC9CEB8-8B4A-11D0-8D11-00A0C91BC942}") = "删数字", "删数字.vcxproj", "{BF979929-6404-4004-AA4F-7FD1726B7D88}"
EndProject
Global
	GlobalSection(SolutionConfigurationPlatforms) = preSolution
		Debug|x64 = Debug|x64
		Debug|x86 = Debug|x86
		Release|x64 = Release|x64
		Release|x86 = Release|x86
	EndGlobalSection
	GlobalSection(ProjectConfigurationPlatforms) = postSolution
		{BF979929-6404-4004-AA4F-7FD1726B7D88}.Debug|x64.ActiveCfg = Debug|x64
		{BF979929-6404-4004-AA4F-7FD1726B7D88}.Debug|x64.Build.0 = Debug|x64
		{BF979929-6404-4004-AA4F-7FD1726B7D88}.Debug|x86.ActiveCfg = Debug|Win32
		{BF979929-6404-4004-AA4F-7FD1726B7D88}.Debug|x86.Build.0 = Debug|Win32
		{BF979929-6404-4004-AA4F-7FD1726B7D88}.Release|x64.ActiveCfg = Release|x64
		{BF979929-6404-4004-AA4F-7FD1726B7D88}.Release|x64.Build.0 = Release|x64
		{BF979929-6404-4004-AA4F-7FD1726B7D88}.Release|x86.ActiveCfg = Release|Win32
		{BF979929-6404-4004-AA4F-7FD1726B7D88}.Release|x86.Build.0 = Release|Win32
	EndGlobalSection
	GlobalSection(SolutionProperties) = preSolution
		HideSolutionNode = FALSE
	EndGlobalSection
	GlobalSection(ExtensibilityGlobals) = postSolution
		SolutionGuid = {FEED2BBB-E381-47BC-AA6A-F7FD2805A621}
	EndGlobalSection
EndGlobal
