
Microsoft Visual Studio Solution File, Format Version 12.00
# Visual Studio Version 17
VisualStudioVersion = 17.6.33815.320
MinimumVisualStudioVersion = 10.0.40219.1
Project("{8BC9CEB8-8B4A-11D0-8D11-00A0C91BC942}") = "带副作用的宏参数", "带副作用的宏参数.vcxproj", "{B65D9AC9-A47B-46EB-A622-2FBCE4BE9FD4}"
EndProject
Global
	GlobalSection(SolutionConfigurationPlatforms) = preSolution
		Debug|x64 = Debug|x64
		Debug|x86 = Debug|x86
		Release|x64 = Release|x64
		Release|x86 = Release|x86
	EndGlobalSection
	GlobalSection(ProjectConfigurationPlatforms) = postSolution
		{B65D9AC9-A47B-46EB-A622-2FBCE4BE9FD4}.Debug|x64.ActiveCfg = Debug|x64
		{B65D9AC9-A47B-46EB-A622-2FBCE4BE9FD4}.Debug|x64.Build.0 = Debug|x64
		{B65D9AC9-A47B-46EB-A622-2FBCE4BE9FD4}.Debug|x86.ActiveCfg = Debug|Win32
		{B65D9AC9-A47B-46EB-A622-2FBCE4BE9FD4}.Debug|x86.Build.0 = Debug|Win32
		{B65D9AC9-A47B-46EB-A622-2FBCE4BE9FD4}.Release|x64.ActiveCfg = Release|x64
		{B65D9AC9-A47B-46EB-A622-2FBCE4BE9FD4}.Release|x64.Build.0 = Release|x64
		{B65D9AC9-A47B-46EB-A622-2FBCE4BE9FD4}.Release|x86.ActiveCfg = Release|Win32
		{B65D9AC9-A47B-46EB-A622-2FBCE4BE9FD4}.Release|x86.Build.0 = Release|Win32
	EndGlobalSection
	GlobalSection(SolutionProperties) = preSolution
		HideSolutionNode = FALSE
	EndGlobalSection
	GlobalSection(ExtensibilityGlobals) = postSolution
		SolutionGuid = {7C2D349E-94AD-4CA4-BB45-3FA23B3E5BAD}
	EndGlobalSection
EndGlobal
