
Microsoft Visual Studio Solution File, Format Version 12.00
# Visual Studio Version 17
VisualStudioVersion = 17.6.33815.320
MinimumVisualStudioVersion = 10.0.40219.1
Project("{8BC9CEB8-8B4A-11D0-8D11-00A0C91BC942}") = "联合题（习题）", "联合题（习题）.vcxproj", "{41D00EC4-80EE-4C46-904D-D07B01CB16A4}"
EndProject
Global
	GlobalSection(SolutionConfigurationPlatforms) = preSolution
		Debug|x64 = Debug|x64
		Debug|x86 = Debug|x86
		Release|x64 = Release|x64
		Release|x86 = Release|x86
	EndGlobalSection
	GlobalSection(ProjectConfigurationPlatforms) = postSolution
		{41D00EC4-80EE-4C46-904D-D07B01CB16A4}.Debug|x64.ActiveCfg = Debug|x64
		{41D00EC4-80EE-4C46-904D-D07B01CB16A4}.Debug|x64.Build.0 = Debug|x64
		{41D00EC4-80EE-4C46-904D-D07B01CB16A4}.Debug|x86.ActiveCfg = Debug|Win32
		{41D00EC4-80EE-4C46-904D-D07B01CB16A4}.Debug|x86.Build.0 = Debug|Win32
		{41D00EC4-80EE-4C46-904D-D07B01CB16A4}.Release|x64.ActiveCfg = Release|x64
		{41D00EC4-80EE-4C46-904D-D07B01CB16A4}.Release|x64.Build.0 = Release|x64
		{41D00EC4-80EE-4C46-904D-D07B01CB16A4}.Release|x86.ActiveCfg = Release|Win32
		{41D00EC4-80EE-4C46-904D-D07B01CB16A4}.Release|x86.Build.0 = Release|Win32
	EndGlobalSection
	GlobalSection(SolutionProperties) = preSolution
		HideSolutionNode = FALSE
	EndGlobalSection
	GlobalSection(ExtensibilityGlobals) = postSolution
		SolutionGuid = {2711D7A9-8595-4AD7-83E8-E805281ABBA5}
	EndGlobalSection
EndGlobal
