
Microsoft Visual Studio Solution File, Format Version 12.00
# Visual Studio Version 17
VisualStudioVersion = 17.6.33815.320
MinimumVisualStudioVersion = 10.0.40219.1
Project("{8BC9CEB8-8B4A-11D0-8D11-00A0C91BC942}") = "斐波那契数列（习题）", "斐波那契数列（习题）.vcxproj", "{399FCE5E-97F2-404E-A4DA-70FC94C7623D}"
EndProject
Global
	GlobalSection(SolutionConfigurationPlatforms) = preSolution
		Debug|x64 = Debug|x64
		Debug|x86 = Debug|x86
		Release|x64 = Release|x64
		Release|x86 = Release|x86
	EndGlobalSection
	GlobalSection(ProjectConfigurationPlatforms) = postSolution
		{399FCE5E-97F2-404E-A4DA-70FC94C7623D}.Debug|x64.ActiveCfg = Debug|x64
		{399FCE5E-97F2-404E-A4DA-70FC94C7623D}.Debug|x64.Build.0 = Debug|x64
		{399FCE5E-97F2-404E-A4DA-70FC94C7623D}.Debug|x86.ActiveCfg = Debug|Win32
		{399FCE5E-97F2-404E-A4DA-70FC94C7623D}.Debug|x86.Build.0 = Debug|Win32
		{399FCE5E-97F2-404E-A4DA-70FC94C7623D}.Release|x64.ActiveCfg = Release|x64
		{399FCE5E-97F2-404E-A4DA-70FC94C7623D}.Release|x64.Build.0 = Release|x64
		{399FCE5E-97F2-404E-A4DA-70FC94C7623D}.Release|x86.ActiveCfg = Release|Win32
		{399FCE5E-97F2-404E-A4DA-70FC94C7623D}.Release|x86.Build.0 = Release|Win32
	EndGlobalSection
	GlobalSection(SolutionProperties) = preSolution
		HideSolutionNode = FALSE
	EndGlobalSection
	GlobalSection(ExtensibilityGlobals) = postSolution
		SolutionGuid = {BF8F3C17-31DB-4160-8C1B-E375F34F06BA}
	EndGlobalSection
EndGlobal
