
Microsoft Visual Studio Solution File, Format Version 12.00
# Visual Studio Version 17
VisualStudioVersion = 17.6.33815.320
MinimumVisualStudioVersion = 10.0.40219.1
Project("{8BC9CEB8-8B4A-11D0-8D11-00A0C91BC942}") = "上三角矩阵判定", "上三角矩阵判定.vcxproj", "{BE41029C-E5F2-45F5-9D2F-EBD91BA90F53}"
EndProject
Global
	GlobalSection(SolutionConfigurationPlatforms) = preSolution
		Debug|x64 = Debug|x64
		Debug|x86 = Debug|x86
		Release|x64 = Release|x64
		Release|x86 = Release|x86
	EndGlobalSection
	GlobalSection(ProjectConfigurationPlatforms) = postSolution
		{BE41029C-E5F2-45F5-9D2F-EBD91BA90F53}.Debug|x64.ActiveCfg = Debug|x64
		{BE41029C-E5F2-45F5-9D2F-EBD91BA90F53}.Debug|x64.Build.0 = Debug|x64
		{BE41029C-E5F2-45F5-9D2F-EBD91BA90F53}.Debug|x86.ActiveCfg = Debug|Win32
		{BE41029C-E5F2-45F5-9D2F-EBD91BA90F53}.Debug|x86.Build.0 = Debug|Win32
		{BE41029C-E5F2-45F5-9D2F-EBD91BA90F53}.Release|x64.ActiveCfg = Release|x64
		{BE41029C-E5F2-45F5-9D2F-EBD91BA90F53}.Release|x64.Build.0 = Release|x64
		{BE41029C-E5F2-45F5-9D2F-EBD91BA90F53}.Release|x86.ActiveCfg = Release|Win32
		{BE41029C-E5F2-45F5-9D2F-EBD91BA90F53}.Release|x86.Build.0 = Release|Win32
	EndGlobalSection
	GlobalSection(SolutionProperties) = preSolution
		HideSolutionNode = FALSE
	EndGlobalSection
	GlobalSection(ExtensibilityGlobals) = postSolution
		SolutionGuid = {3DE4EED7-4CE1-4BF6-B398-58E6AC3AEAD7}
	EndGlobalSection
EndGlobal
