
Microsoft Visual Studio Solution File, Format Version 12.00
# Visual Studio Version 17
VisualStudioVersion = 17.6.33815.320
MinimumVisualStudioVersion = 10.0.40219.1
Project("{8BC9CEB8-8B4A-11D0-8D11-00A0C91BC942}") = "最小公倍数2", "最小公倍数2.vcxproj", "{033C48D1-871D-4C37-9657-DCEDA24F33FC}"
EndProject
Global
	GlobalSection(SolutionConfigurationPlatforms) = preSolution
		Debug|x64 = Debug|x64
		Debug|x86 = Debug|x86
		Release|x64 = Release|x64
		Release|x86 = Release|x86
	EndGlobalSection
	GlobalSection(ProjectConfigurationPlatforms) = postSolution
		{033C48D1-871D-4C37-9657-DCEDA24F33FC}.Debug|x64.ActiveCfg = Debug|x64
		{033C48D1-871D-4C37-9657-DCEDA24F33FC}.Debug|x64.Build.0 = Debug|x64
		{033C48D1-871D-4C37-9657-DCEDA24F33FC}.Debug|x86.ActiveCfg = Debug|Win32
		{033C48D1-871D-4C37-9657-DCEDA24F33FC}.Debug|x86.Build.0 = Debug|Win32
		{033C48D1-871D-4C37-9657-DCEDA24F33FC}.Release|x64.ActiveCfg = Release|x64
		{033C48D1-871D-4C37-9657-DCEDA24F33FC}.Release|x64.Build.0 = Release|x64
		{033C48D1-871D-4C37-9657-DCEDA24F33FC}.Release|x86.ActiveCfg = Release|Win32
		{033C48D1-871D-4C37-9657-DCEDA24F33FC}.Release|x86.Build.0 = Release|Win32
	EndGlobalSection
	GlobalSection(SolutionProperties) = preSolution
		HideSolutionNode = FALSE
	EndGlobalSection
	GlobalSection(ExtensibilityGlobals) = postSolution
		SolutionGuid = {CEBF1BD4-F397-4A16-BAE3-9411FB27F3D0}
	EndGlobalSection
EndGlobal
