
Microsoft Visual Studio Solution File, Format Version 12.00
# Visual Studio Version 17
VisualStudioVersion = 17.6.33815.320
MinimumVisualStudioVersion = 10.0.40219.1
Project("{8BC9CEB8-8B4A-11D0-8D11-00A0C91BC942}") = "指针的加减", "指针的加减.vcxproj", "{32907530-74A6-4700-B431-E99705DE7589}"
EndProject
Global
	GlobalSection(SolutionConfigurationPlatforms) = preSolution
		Debug|x64 = Debug|x64
		Debug|x86 = Debug|x86
		Release|x64 = Release|x64
		Release|x86 = Release|x86
	EndGlobalSection
	GlobalSection(ProjectConfigurationPlatforms) = postSolution
		{32907530-74A6-4700-B431-E99705DE7589}.Debug|x64.ActiveCfg = Debug|x64
		{32907530-74A6-4700-B431-E99705DE7589}.Debug|x64.Build.0 = Debug|x64
		{32907530-74A6-4700-B431-E99705DE7589}.Debug|x86.ActiveCfg = Debug|Win32
		{32907530-74A6-4700-B431-E99705DE7589}.Debug|x86.Build.0 = Debug|Win32
		{32907530-74A6-4700-B431-E99705DE7589}.Release|x64.ActiveCfg = Release|x64
		{32907530-74A6-4700-B431-E99705DE7589}.Release|x64.Build.0 = Release|x64
		{32907530-74A6-4700-B431-E99705DE7589}.Release|x86.ActiveCfg = Release|Win32
		{32907530-74A6-4700-B431-E99705DE7589}.Release|x86.Build.0 = Release|Win32
	EndGlobalSection
	GlobalSection(SolutionProperties) = preSolution
		HideSolutionNode = FALSE
	EndGlobalSection
	GlobalSection(ExtensibilityGlobals) = postSolution
		SolutionGuid = {A5224E92-448B-4D5F-8E17-527AB8E26AB2}
	EndGlobalSection
EndGlobal
