
Microsoft Visual Studio Solution File, Format Version 12.00
# Visual Studio Version 17
VisualStudioVersion = 17.6.33815.320
MinimumVisualStudioVersion = 10.0.40219.1
Project("{8BC9CEB8-8B4A-11D0-8D11-00A0C91BC942}") = "浮点数的储存", "浮点数的储存.vcxproj", "{237215AC-0DB0-4D01-88E2-EFACAB4F39B8}"
EndProject
Global
	GlobalSection(SolutionConfigurationPlatforms) = preSolution
		Debug|x64 = Debug|x64
		Debug|x86 = Debug|x86
		Release|x64 = Release|x64
		Release|x86 = Release|x86
	EndGlobalSection
	GlobalSection(ProjectConfigurationPlatforms) = postSolution
		{237215AC-0DB0-4D01-88E2-EFACAB4F39B8}.Debug|x64.ActiveCfg = Debug|x64
		{237215AC-0DB0-4D01-88E2-EFACAB4F39B8}.Debug|x64.Build.0 = Debug|x64
		{237215AC-0DB0-4D01-88E2-EFACAB4F39B8}.Debug|x86.ActiveCfg = Debug|Win32
		{237215AC-0DB0-4D01-88E2-EFACAB4F39B8}.Debug|x86.Build.0 = Debug|Win32
		{237215AC-0DB0-4D01-88E2-EFACAB4F39B8}.Release|x64.ActiveCfg = Release|x64
		{237215AC-0DB0-4D01-88E2-EFACAB4F39B8}.Release|x64.Build.0 = Release|x64
		{237215AC-0DB0-4D01-88E2-EFACAB4F39B8}.Release|x86.ActiveCfg = Release|Win32
		{237215AC-0DB0-4D01-88E2-EFACAB4F39B8}.Release|x86.Build.0 = Release|Win32
	EndGlobalSection
	GlobalSection(SolutionProperties) = preSolution
		HideSolutionNode = FALSE
	EndGlobalSection
	GlobalSection(ExtensibilityGlobals) = postSolution
		SolutionGuid = {6E3A5754-4385-4D0E-BC53-FF2EBE968E33}
	EndGlobalSection
EndGlobal
